
Microsoft Visual Studio Solution File, Format Version 12.00
# Visual Studio 15
VisualStudioVersion = 15.0.28307.1927
MinimumVisualStudioVersion = 10.0.40219.1
Project("{FAE04EC0-301F-11D3-BF4B-00C04F79EFBC}") = "CapaGrafica", "Proyecto\CapaGrafica.csproj", "{28D2090D-F3B7-4A50-BE4A-2129E52A49FC}"
EndProject
Project("{FAE04EC0-301F-11D3-BF4B-00C04F79EFBC}") = "CapaLogica", "ApiAutenitficacion\CapaLogica.csproj", "{BAE819BE-D726-440B-8A27-DA7235D2510D}"
EndProject
Project("{FAE04EC0-301F-11D3-BF4B-00C04F79EFBC}") = "CapaDeDatos", "CapaDeDatos\CapaDeDatos.csproj", "{510A32AB-285A-45DE-A7DC-2490755EB58E}"
EndProject
Global
	GlobalSection(SolutionConfigurationPlatforms) = preSolution
		Debug|Any CPU = Debug|Any CPU
		Release|Any CPU = Release|Any CPU
	EndGlobalSection
	GlobalSection(ProjectConfigurationPlatforms) = postSolution
		{28D2090D-F3B7-4A50-BE4A-2129E52A49FC}.Debug|Any CPU.ActiveCfg = Debug|Any CPU
		{28D2090D-F3B7-4A50-BE4A-2129E52A49FC}.Debug|Any CPU.Build.0 = Debug|Any CPU
		{28D2090D-F3B7-4A50-BE4A-2129E52A49FC}.Release|Any CPU.ActiveCfg = Release|Any CPU
		{28D2090D-F3B7-4A50-BE4A-2129E52A49FC}.Release|Any CPU.Build.0 = Release|Any CPU
		{BAE819BE-D726-440B-8A27-DA7235D2510D}.Debug|Any CPU.ActiveCfg = Debug|Any CPU
		{BAE819BE-D726-440B-8A27-DA7235D2510D}.Debug|Any CPU.Build.0 = Debug|Any CPU
		{BAE819BE-D726-440B-8A27-DA7235D2510D}.Release|Any CPU.ActiveCfg = Release|Any CPU
		{BAE819BE-D726-440B-8A27-DA7235D2510D}.Release|Any CPU.Build.0 = Release|Any CPU
		{510A32AB-285A-45DE-A7DC-2490755EB58E}.Debug|Any CPU.ActiveCfg = Debug|Any CPU
		{510A32AB-285A-45DE-A7DC-2490755EB58E}.Debug|Any CPU.Build.0 = Debug|Any CPU
		{510A32AB-285A-45DE-A7DC-2490755EB58E}.Release|Any CPU.ActiveCfg = Release|Any CPU
		{510A32AB-285A-45DE-A7DC-2490755EB58E}.Release|Any CPU.Build.0 = Release|Any CPU
	EndGlobalSection
	GlobalSection(SolutionProperties) = preSolution
		HideSolutionNode = FALSE
	EndGlobalSection
	GlobalSection(ExtensibilityGlobals) = postSolution
		SolutionGuid = {3A969EEB-8B5D-444C-ABA7-46F5B52BEDE2}
	EndGlobalSection
EndGlobal
